
Microsoft Visual Studio Solution File, Format Version 12.00
# Visual Studio Version 17
VisualStudioVersion = 17.14.36401.2 d17.14
MinimumVisualStudioVersion = 10.0.40219.1
Project("{FAE04EC0-301F-11D3-BF4B-00C04F79EFBC}") = "SalesWebMvc", "SalesWebMvc\SalesWebMvc.csproj", "{B8350B62-92AD-4D39-B71F-AF6EFFC1B732}"
EndProject
Global
	GlobalSection(SolutionConfigurationPlatforms) = preSolution
		Debug|Any CPU = Debug|Any CPU
		Release|Any CPU = Release|Any CPU
	EndGlobalSection
	GlobalSection(ProjectConfigurationPlatforms) = postSolution
		{B8350B62-92AD-4D39-B71F-AF6EFFC1B732}.Debug|Any CPU.ActiveCfg = Debug|Any CPU
		{B8350B62-92AD-4D39-B71F-AF6EFFC1B732}.Debug|Any CPU.Build.0 = Debug|Any CPU
		{B8350B62-92AD-4D39-B71F-AF6EFFC1B732}.Release|Any CPU.ActiveCfg = Release|Any CPU
		{B8350B62-92AD-4D39-B71F-AF6EFFC1B732}.Release|Any CPU.Build.0 = Release|Any CPU
	EndGlobalSection
	GlobalSection(SolutionProperties) = preSolution
		HideSolutionNode = FALSE
	EndGlobalSection
	GlobalSection(ExtensibilityGlobals) = postSolution
		SolutionGuid = {F65B7E03-8EE9-4AA3-A3F2-218E22DA23D7}
	EndGlobalSection
EndGlobal
